
Microsoft Visual Studio Solution File, Format Version 12.00
# Visual Studio Version 16
VisualStudioVersion = 16.0.29911.84
MinimumVisualStudioVersion = 10.0.40219.1
Project("{FAE04EC0-301F-11D3-BF4B-00C04F79EFBC}") = "datatype", "datatype\datatype.csproj", "{00ABA174-17DB-4771-8BE0-3F57151886A3}"
EndProject
Global
	GlobalSection(SolutionConfigurationPlatforms) = preSolution
		Debug|Any CPU = Debug|Any CPU
		Release|Any CPU = Release|Any CPU
	EndGlobalSection
	GlobalSection(ProjectConfigurationPlatforms) = postSolution
		{00ABA174-17DB-4771-8BE0-3F57151886A3}.Debug|Any CPU.ActiveCfg = Debug|Any CPU
		{00ABA174-17DB-4771-8BE0-3F57151886A3}.Debug|Any CPU.Build.0 = Debug|Any CPU
		{00ABA174-17DB-4771-8BE0-3F57151886A3}.Release|Any CPU.ActiveCfg = Release|Any CPU
		{00ABA174-17DB-4771-8BE0-3F57151886A3}.Release|Any CPU.Build.0 = Release|Any CPU
	EndGlobalSection
	GlobalSection(SolutionProperties) = preSolution
		HideSolutionNode = FALSE
	EndGlobalSection
	GlobalSection(ExtensibilityGlobals) = postSolution
		SolutionGuid = {32C8E054-580A-4E4F-BE8D-5F23BD973ADC}
	EndGlobalSection
EndGlobal
